
Microsoft Visual Studio Solution File, Format Version 12.00
# Visual Studio Version 16
VisualStudioVersion = 16.0.29009.5
MinimumVisualStudioVersion = 10.0.40219.1
Project("{9A19103F-16F7-4668-BE54-9A1E7A4F7556}") = "Contest.Console", "Contest.Console\Contest.Console.csproj", "{7A328160-19E4-46CC-ABA7-97F6E9DF16A9}"
EndProject
Project("{FAE04EC0-301F-11D3-BF4B-00C04F79EFBC}") = "Contest.Core", "Contest.Core\Contest.Core.csproj", "{7F6BBD8B-8856-496E-9A58-05991D90AD0E}"
EndProject
Project("{FAE04EC0-301F-11D3-BF4B-00C04F79EFBC}") = "Contest.Controllers", "Contest.Controllers\Contest.Controllers.csproj", "{EB66E744-F1AD-4904-8E04-75F3069F655B}"
EndProject
Project("{FAE04EC0-301F-11D3-BF4B-00C04F79EFBC}") = "Contest.Tests", "Contest.Tests\Contest.Tests.csproj", "{3E160018-423D-4989-AD05-2B1DA222B246}"
EndProject
Global
	GlobalSection(SolutionConfigurationPlatforms) = preSolution
		Debug|Any CPU = Debug|Any CPU
		Release|Any CPU = Release|Any CPU
	EndGlobalSection
	GlobalSection(ProjectConfigurationPlatforms) = postSolution
		{7A328160-19E4-46CC-ABA7-97F6E9DF16A9}.Debug|Any CPU.ActiveCfg = Debug|Any CPU
		{7A328160-19E4-46CC-ABA7-97F6E9DF16A9}.Debug|Any CPU.Build.0 = Debug|Any CPU
		{7A328160-19E4-46CC-ABA7-97F6E9DF16A9}.Release|Any CPU.ActiveCfg = Release|Any CPU
		{7A328160-19E4-46CC-ABA7-97F6E9DF16A9}.Release|Any CPU.Build.0 = Release|Any CPU
		{7F6BBD8B-8856-496E-9A58-05991D90AD0E}.Debug|Any CPU.ActiveCfg = Debug|Any CPU
		{7F6BBD8B-8856-496E-9A58-05991D90AD0E}.Debug|Any CPU.Build.0 = Debug|Any CPU
		{7F6BBD8B-8856-496E-9A58-05991D90AD0E}.Release|Any CPU.ActiveCfg = Release|Any CPU
		{7F6BBD8B-8856-496E-9A58-05991D90AD0E}.Release|Any CPU.Build.0 = Release|Any CPU
		{EB66E744-F1AD-4904-8E04-75F3069F655B}.Debug|Any CPU.ActiveCfg = Debug|Any CPU
		{EB66E744-F1AD-4904-8E04-75F3069F655B}.Debug|Any CPU.Build.0 = Debug|Any CPU
		{EB66E744-F1AD-4904-8E04-75F3069F655B}.Release|Any CPU.ActiveCfg = Release|Any CPU
		{EB66E744-F1AD-4904-8E04-75F3069F655B}.Release|Any CPU.Build.0 = Release|Any CPU
		{3E160018-423D-4989-AD05-2B1DA222B246}.Debug|Any CPU.ActiveCfg = Debug|Any CPU
		{3E160018-423D-4989-AD05-2B1DA222B246}.Debug|Any CPU.Build.0 = Debug|Any CPU
		{3E160018-423D-4989-AD05-2B1DA222B246}.Release|Any CPU.ActiveCfg = Release|Any CPU
		{3E160018-423D-4989-AD05-2B1DA222B246}.Release|Any CPU.Build.0 = Release|Any CPU
	EndGlobalSection
	GlobalSection(SolutionProperties) = preSolution
		HideSolutionNode = FALSE
	EndGlobalSection
	GlobalSection(ExtensibilityGlobals) = postSolution
		SolutionGuid = {3FB260F2-3D6F-43F5-9353-01F8637D4338}
	EndGlobalSection
EndGlobal
